
Microsoft Visual Studio Solution File, Format Version 12.00
# Visual Studio 15
VisualStudioVersion = 15.0.28307.539
MinimumVisualStudioVersion = 10.0.40219.1
Project("{F184B08F-C81C-45F6-A57F-5ABD9991F28F}") = "ConsoleAppVB", "ConsoleAppVB\ConsoleAppVB.vbproj", "{E3ED1DFB-DF55-4654-820E-7BAC7D8FBBD2}"
EndProject
Global
	GlobalSection(SolutionConfigurationPlatforms) = preSolution
		Debug|Any CPU = Debug|Any CPU
		Release|Any CPU = Release|Any CPU
	EndGlobalSection
	GlobalSection(ProjectConfigurationPlatforms) = postSolution
		{E3ED1DFB-DF55-4654-820E-7BAC7D8FBBD2}.Debug|Any CPU.ActiveCfg = Debug|Any CPU
		{E3ED1DFB-DF55-4654-820E-7BAC7D8FBBD2}.Debug|Any CPU.Build.0 = Debug|Any CPU
		{E3ED1DFB-DF55-4654-820E-7BAC7D8FBBD2}.Release|Any CPU.ActiveCfg = Release|Any CPU
		{E3ED1DFB-DF55-4654-820E-7BAC7D8FBBD2}.Release|Any CPU.Build.0 = Release|Any CPU
	EndGlobalSection
	GlobalSection(SolutionProperties) = preSolution
		HideSolutionNode = FALSE
	EndGlobalSection
	GlobalSection(ExtensibilityGlobals) = postSolution
		SolutionGuid = {D045DC48-A0A5-4B99-9741-7ECA3B3BF165}
	EndGlobalSection
EndGlobal
